<Solution>
  <Folder Name="/src/">
    <Project Path="src/EmailParser/EmailParser.csproj" />
    <Project Path="src/EmailParser.Core/EmailParser.Core.csproj" />
    <Project Path="src/EmailParser.UI/EmailParser.UI.csproj" />
  </Folder>
  <Folder Name="/tests/">
    <Project Path="tests/EmailParser.Core.Tests/EmailParser.Core.Tests.csproj" />
  </Folder>
</Solution>
